// !$*UTF8*$!
{
	archiveVersion = 1;
	classes = {
	};
	objectVersion = 50;
	objects = {

/* Begin PBXBuildFile section */
		048ADA89248DBDFB00AB3BA5 /* AppDelegate.swift in Sources */ = {isa = PBXBuildFile; fileRef = 048ADA88248DBDFB00AB3BA5 /* AppDelegate.swift */; };
		048ADA8B248DBDFB00AB3BA5 /* SceneDelegate.swift in Sources */ = {isa = PBXBuildFile; fileRef = 048ADA8A248DBDFB00AB3BA5 /* SceneDelegate.swift */; };
		048ADA90248DBDFB00AB3BA5 /* Main.storyboard in Resources */ = {isa = PBXBuildFile; fileRef = 048ADA8E248DBDFB00AB3BA5 /* Main.storyboard */; };
		048ADA92248DBDFD00AB3BA5 /* Assets.xcassets in Resources */ = {isa = PBXBuildFile; fileRef = 048ADA91248DBDFD00AB3BA5 /* Assets.xcassets */; };
		048ADA95248DBDFD00AB3BA5 /* LaunchScreen.storyboard in Resources */ = {isa = PBXBuildFile; fileRef = 048ADA93248DBDFD00AB3BA5 /* LaunchScreen.storyboard */; };
		048ADA9D248DBE8500AB3BA5 /* RandomStudentViewController.swift in Sources */ = {isa = PBXBuildFile; fileRef = 048ADA9C248DBE8500AB3BA5 /* RandomStudentViewController.swift */; };
		048ADA9F248DBE8C00AB3BA5 /* Student.swift in Sources */ = {isa = PBXBuildFile; fileRef = 048ADA9E248DBE8C00AB3BA5 /* Student.swift */; };
/* End PBXBuildFile section */

/* Begin PBXFileReference section */
		048ADA85248DBDFB00AB3BA5 /* iOS_Classwork_Extra.app */ = {isa = PBXFileReference; explicitFileType = wrapper.application; includeInIndex = 0; path = iOS_Classwork_Extra.app; sourceTree = BUILT_PRODUCTS_DIR; };
		048ADA88248DBDFB00AB3BA5 /* AppDelegate.swift */ = {isa = PBXFileReference; lastKnownFileType = sourcecode.swift; path = AppDelegate.swift; sourceTree = "<group>"; };
		048ADA8A248DBDFB00AB3BA5 /* SceneDelegate.swift */ = {isa = PBXFileReference; lastKnownFileType = sourcecode.swift; path = SceneDelegate.swift; sourceTree = "<group>"; };
		048ADA8F248DBDFB00AB3BA5 /* Base */ = {isa = PBXFileReference; lastKnownFileType = file.storyboard; name = Base; path = Base.lproj/Main.storyboard; sourceTree = "<group>"; };
		048ADA91248DBDFD00AB3BA5 /* Assets.xcassets */ = {isa = PBXFileReference; lastKnownFileType = folder.assetcatalog; path = Assets.xcassets; sourceTree = "<group>"; };
		048ADA94248DBDFD00AB3BA5 /* Base */ = {isa = PBXFileReference; lastKnownFileType = file.storyboard; name = Base; path = Base.lproj/LaunchScreen.storyboard; sourceTree = "<group>"; };
		048ADA96248DBDFD00AB3BA5 /* Info.plist */ = {isa = PBXFileReference; lastKnownFileType = text.plist.xml; path = Info.plist; sourceTree = "<group>"; };
		048ADA9C248DBE8500AB3BA5 /* RandomStudentViewController.swift */ = {isa = PBXFileReference; fileEncoding = 4; lastKnownFileType = sourcecode.swift; path = RandomStudentViewController.swift; sourceTree = "<group>"; };
		048ADA9E248DBE8C00AB3BA5 /* Student.swift */ = {isa = PBXFileReference; fileEncoding = 4; lastKnownFileType = sourcecode.swift; path = Student.swift; sourceTree = "<group>"; };
/* End PBXFileReference section */

/* Begin PBXFrameworksBuildPhase section */
		048ADA82248DBDFB00AB3BA5 /* Frameworks */ = {
			isa = PBXFrameworksBuildPhase;
			buildActionMask = 2147483647;
			files = (
			);
			runOnlyForDeploymentPostprocessing = 0;
		};
/* End PBXFrameworksBuildPhase section */

/* Begin PBXGroup section */
		048ADA7C248DBDFB00AB3BA5 = {
			isa = PBXGroup;
			children = (
				048ADA87248DBDFB00AB3BA5 /* iOS_Classwork_Extra */,
				048ADA86248DBDFB00AB3BA5 /* Products */,
			);
			sourceTree = "<group>";
		};
		048ADA86248DBDFB00AB3BA5 /* Products */ = {
			isa = PBXGroup;
			children = (
				048ADA85248DBDFB00AB3BA5 /* iOS_Classwork_Extra.app */,
			);
			name = Products;
			sourceTree = "<group>";
		};
		048ADA87248DBDFB00AB3BA5 /* iOS_Classwork_Extra */ = {
			isa = PBXGroup;
			children = (
				048ADA88248DBDFB00AB3BA5 /* AppDelegate.swift */,
				048ADA8A248DBDFB00AB3BA5 /* SceneDelegate.swift */,
				048ADAA0248DBE9100AB3BA5 /* Classwork */,
				048ADA91248DBDFD00AB3BA5 /* Assets.xcassets */,
				048ADA93248DBDFD00AB3BA5 /* LaunchScreen.storyboard */,
				048ADA96248DBDFD00AB3BA5 /* Info.plist */,
			);
			path = iOS_Classwork_Extra;
			sourceTree = "<group>";
		};
		048ADAA0248DBE9100AB3BA5 /* Classwork */ = {
			isa = PBXGroup;
			children = (
				048ADA8E248DBDFB00AB3BA5 /* Main.storyboard */,
				048ADA9C248DBE8500AB3BA5 /* RandomStudentViewController.swift */,
				048ADA9E248DBE8C00AB3BA5 /* Student.swift */,
			);
			path = Classwork;
			sourceTree = "<group>";
		};
/* End PBXGroup section */

/* Begin PBXNativeTarget section */
		048ADA84248DBDFB00AB3BA5 /* iOS_Classwork_Extra */ = {
			isa = PBXNativeTarget;
			buildConfigurationList = 048ADA99248DBDFD00AB3BA5 /* Build configuration list for PBXNativeTarget "iOS_Classwork_Extra" */;
			buildPhases = (
				048ADA81248DBDFB00AB3BA5 /* Sources */,
				048ADA82248DBDFB00AB3BA5 /* Frameworks */,
				048ADA83248DBDFB00AB3BA5 /* Resources */,
			);
			buildRules = (
			);
			dependencies = (
			);
			name = iOS_Classwork_Extra;
			productName = iOS_Classwork_Extra;
			productReference = 048ADA85248DBDFB00AB3BA5 /* iOS_Classwork_Extra.app */;
			productType = "com.apple.product-type.application";
		};
/* End PBXNativeTarget section */

/* Begin PBXProject section */
		048ADA7D248DBDFB00AB3BA5 /* Project object */ = {
			isa = PBXProject;
			attributes = {
				LastSwiftUpdateCheck = 1150;
				LastUpgradeCheck = 1150;
				ORGANIZATIONNAME = "Safeyah Coding";
				TargetAttributes = {
					048ADA84248DBDFB00AB3BA5 = {
						CreatedOnToolsVersion = 11.5;
					};
				};
			};
			buildConfigurationList = 048ADA80248DBDFB00AB3BA5 /* Build configuration list for PBXProject "iOS_Classwork_Extra" */;
			compatibilityVersion = "Xcode 9.3";
			developmentRegion = en;
			hasScannedForEncodings = 0;
			knownRegions = (
				en,
				Base,
			);
			mainGroup = 048ADA7C248DBDFB00AB3BA5;
			productRefGroup = 048ADA86248DBDFB00AB3BA5 /* Products */;
			projectDirPath = "";
			projectRoot = "";
			targets = (
				048ADA84248DBDFB00AB3BA5 /* iOS_Classwork_Extra */,
			);
		};
/* End PBXProject section */

/* Begin PBXResourcesBuildPhase section */
		048ADA83248DBDFB00AB3BA5 /* Resources */ = {
			isa = PBXResourcesBuildPhase;
			buildActionMask = 2147483647;
			files = (
				048ADA95248DBDFD00AB3BA5 /* LaunchScreen.storyboard in Resources */,
				048ADA92248DBDFD00AB3BA5 /* Assets.xcassets in Resources */,
				048ADA90248DBDFB00AB3BA5 /* Main.storyboard in Resources */,
			);
			runOnlyForDeploymentPostprocessing = 0;
		};
/* End PBXResourcesBuildPhase section */

/* Begin PBXSourcesBuildPhase section */
		048ADA81248DBDFB00AB3BA5 /* Sources */ = {
			isa = PBXSourcesBuildPhase;
			buildActionMask = 2147483647;
			files = (
				048ADA9D248DBE8500AB3BA5 /* RandomStudentViewController.swift in Sources */,
				048ADA89248DBDFB00AB3BA5 /* AppDelegate.swift in Sources */,
				048ADA9F248DBE8C00AB3BA5 /* Student.swift in Sources */,
				048ADA8B248DBDFB00AB3BA5 /* SceneDelegate.swift in Sources */,
			);
			runOnlyForDeploymentPostprocessing = 0;
		};
/* End PBXSourcesBuildPhase section */

/* Begin PBXVariantGroup section */
		048ADA8E248DBDFB00AB3BA5 /* Main.storyboard */ = {
			isa = PBXVariantGroup;
			children = (
				048ADA8F248DBDFB00AB3BA5 /* Base */,
			);
			name = Main.storyboard;
			sourceTree = "<group>";
		};
		048ADA93248DBDFD00AB3BA5 /* LaunchScreen.storyboard */ = {
			isa = PBXVariantGroup;
			children = (
				048ADA94248DBDFD00AB3BA5 /* Base */,
			);
			name = LaunchScreen.storyboard;
			sourceTree = "<group>";
		};
/* End PBXVariantGroup section */

/* Begin XCBuildConfiguration section */
		048ADA97248DBDFD00AB3BA5 /* Debug */ = {
			isa = XCBuildConfiguration;
			buildSettings = {
				ALWAYS_SEARCH_USER_PATHS = NO;
				CLANG_ANALYZER_NONNULL = YES;
				CLANG_ANALYZER_NUMBER_OBJECT_CONVERSION = YES_AGGRESSIVE;
				CLANG_CXX_LANGUAGE_STANDARD = "gnu++14";
				CLANG_CXX_LIBRARY = "libc++";
				CLANG_ENABLE_MODULES = YES;
				CLANG_ENABLE_OBJC_ARC = YES;
				CLANG_ENABLE_OBJC_WEAK = YES;
				CLANG_WARN_BLOCK_CAPTURE_AUTORELEASING = YES;
				CLANG_WARN_BOOL_CONVERSION = YES;
				CLANG_WARN_COMMA = YES;
				CLANG_WARN_CONSTANT_CONVERSION = YES;
				CLANG_WARN_DEPRECATED_OBJC_IMPLEMENTATIONS = YES;
				CLANG_WARN_DIRECT_OBJC_ISA_USAGE = YES_ERROR;
				CLANG_WARN_DOCUMENTATION_COMMENTS = YES;
				CLANG_WARN_EMPTY_BODY = YES;
				CLANG_WARN_ENUM_CONVERSION = YES;
				CLANG_WARN_INFINITE_RECURSION = YES;
				CLANG_WARN_INT_CONVERSION = YES;
				CLANG_WARN_NON_LITERAL_NULL_CONVERSION = YES;
				CLANG_WARN_OBJC_IMPLICIT_RETAIN_SELF = YES;
				CLANG_WARN_OBJC_LITERAL_CONVERSION = YES;
				CLANG_WARN_OBJC_ROOT_CLASS = YES_ERROR;
				CLANG_WARN_RANGE_LOOP_ANALYSIS = YES;
				CLANG_WARN_STRICT_PROTOTYPES = YES;
				CLANG_WARN_SUSPICIOUS_MOVE = YES;
				CLANG_WARN_UNGUARDED_AVAILABILITY = YES_AGGRESSIVE;
				CLANG_WARN_UNREACHABLE_CODE = YES;
				CLANG_WARN__DUPLICATE_METHOD_MATCH = YES;
				COPY_PHASE_STRIP = NO;
				DEBUG_INFORMATION_FORMAT = dwarf;
				ENABLE_STRICT_OBJC_MSGSEND = YES;
				ENABLE_TESTABILITY = YES;
				GCC_C_LANGUAGE_STANDARD = gnu11;
				GCC_DYNAMIC_NO_PIC = NO;
				GCC_NO_COMMON_BLOCKS = YES;
				GCC_OPTIMIZATION_LEVEL = 0;
				GCC_PREPROCESSOR_DEFINITIONS = (
					"DEBUG=1",
					"$(inherited)",
				);
				GCC_WARN_64_TO_32_BIT_CONVERSION = YES;
				GCC_WARN_ABOUT_RETURN_TYPE = YES_ERROR;
				GCC_WARN_UNDECLARED_SELECTOR = YES;
				GCC_WARN_UNINITIALIZED_AUTOS = YES_AGGRESSIVE;
				GCC_WARN_UNUSED_FUNCTION = YES;
				GCC_WARN_UNUSED_VARIABLE = YES;
				IPHONEOS_DEPLOYMENT_TARGET = 13.5;
				MTL_ENABLE_DEBUG_INFO = INCLUDE_SOURCE;
				MTL_FAST_MATH = YES;
				ONLY_ACTIVE_ARCH = YES;
				SDKROOT = iphoneos;
				SWIFT_ACTIVE_COMPILATION_CONDITIONS = DEBUG;
				SWIFT_OPTIMIZATION_LEVEL = "-Onone";
			};
			name = Debug;
		};
		048ADA98248DBDFD00AB3BA5 /* Release */ = {
			isa = XCBuildConfiguration;
			buildSettings = {
				ALWAYS_SEARCH_USER_PATHS = NO;
				CLANG_ANALYZER_NONNULL = YES;
				CLANG_ANALYZER_NUMBER_OBJECT_CONVERSION = YES_AGGRESSIVE;
				CLANG_CXX_LANGUAGE_STANDARD = "gnu++14";
				CLANG_CXX_LIBRARY = "libc++";
				CLANG_ENABLE_MODULES = YES;
				CLANG_ENABLE_OBJC_ARC = YES;
				CLANG_ENABLE_OBJC_WEAK = YES;
				CLANG_WARN_BLOCK_CAPTURE_AUTORELEASING = YES;
				CLANG_WARN_BOOL_CONVERSION = YES;
				CLANG_WARN_COMMA = YES;
				CLANG_WARN_CONSTANT_CONVERSION = YES;
				CLANG_WARN_DEPRECATED_OBJC_IMPLEMENTATIONS = YES;
				CLANG_WARN_DIRECT_OBJC_ISA_USAGE = YES_ERROR;
				CLANG_WARN_DOCUMENTATION_COMMENTS = YES;
				CLANG_WARN_EMPTY_BODY = YES;
				CLANG_WARN_ENUM_CONVERSION = YES;
				CLANG_WARN_INFINITE_RECURSION = YES;
				CLANG_WARN_INT_CONVERSION = YES;
				CLANG_WARN_NON_LITERAL_NULL_CONVERSION = YES;
				CLANG_WARN_OBJC_IMPLICIT_RETAIN_SELF = YES;
				CLANG_WARN_OBJC_LITERAL_CONVERSION = YES;
				CLANG_WARN_OBJC_ROOT_CLASS = YES_ERROR;
				CLANG_WARN_RANGE_LOOP_ANALYSIS = YES;
				CLANG_WARN_STRICT_PROTOTYPES = YES;
				CLANG_WARN_SUSPICIOUS_MOVE = YES;
				CLANG_WARN_UNGUARDED_AVAILABILITY = YES_AGGRESSIVE;
				CLANG_WARN_UNREACHABLE_CODE = YES;
				CLANG_WARN__DUPLICATE_METHOD_MATCH = YES;
				COPY_PHASE_STRIP = NO;
				DEBUG_INFORMATION_FORMAT = "dwarf-with-dsym";
				ENABLE_NS_ASSERTIONS = NO;
				ENABLE_STRICT_OBJC_MSGSEND = YES;
				GCC_C_LANGUAGE_STANDARD = gnu11;
				GCC_NO_COMMON_BLOCKS = YES;
				GCC_WARN_64_TO_32_BIT_CONVERSION = YES;
				GCC_WARN_ABOUT_RETURN_TYPE = YES_ERROR;
				GCC_WARN_UNDECLARED_SELECTOR = YES;
				GCC_WARN_UNINITIALIZED_AUTOS = YES_AGGRESSIVE;
				GCC_WARN_UNUSED_FUNCTION = YES;
				GCC_WARN_UNUSED_VARIABLE = YES;
				IPHONEOS_DEPLOYMENT_TARGET = 13.5;
				MTL_ENABLE_DEBUG_INFO = NO;
				MTL_FAST_MATH = YES;
				SDKROOT = iphoneos;
				SWIFT_COMPILATION_MODE = wholemodule;
				SWIFT_OPTIMIZATION_LEVEL = "-O";
				VALIDATE_PRODUCT = YES;
			};
			name = Release;
		};
		048ADA9A248DBDFD00AB3BA5 /* Debug */ = {
			isa = XCBuildConfiguration;
			buildSettings = {
				ASSETCATALOG_COMPILER_APPICON_NAME = AppIcon;
				CODE_SIGN_STYLE = Manual;
				DEVELOPMENT_TEAM = "";
				INFOPLIST_FILE = iOS_Classwork_Extra/Info.plist;
				LD_RUNPATH_SEARCH_PATHS = (
					"$(inherited)",
					"@executable_path/Frameworks",
				);
				PRODUCT_BUNDLE_IDENTIFIER = "com.KC.iOS-Classwork-4";
				PRODUCT_NAME = "$(TARGET_NAME)";
				PROVISIONING_PROFILE_SPECIFIER = "";
				SWIFT_VERSION = 5.0;
				TARGETED_DEVICE_FAMILY = "1,2";
			};
			name = Debug;
		};
		048ADA9B248DBDFD00AB3BA5 /* Release */ = {
			isa = XCBuildConfiguration;
			buildSettings = {
				ASSETCATALOG_COMPILER_APPICON_NAME = AppIcon;
				CODE_SIGN_STYLE = Manual;
				DEVELOPMENT_TEAM = "";
				INFOPLIST_FILE = iOS_Classwork_Extra/Info.plist;
				LD_RUNPATH_SEARCH_PATHS = (
					"$(inherited)",
					"@executable_path/Frameworks",
				);
				PRODUCT_BUNDLE_IDENTIFIER = "com.KC.iOS-Classwork-4";
				PRODUCT_NAME = "$(TARGET_NAME)";
				PROVISIONING_PROFILE_SPECIFIER = "";
				SWIFT_VERSION = 5.0;
				TARGETED_DEVICE_FAMILY = "1,2";
			};
			name = Release;
		};
/* End XCBuildConfiguration section */

/* Begin XCConfigurationList section */
		048ADA80248DBDFB00AB3BA5 /* Build configuration list for PBXProject "iOS_Classwork_Extra" */ = {
			isa = XCConfigurationList;
			buildConfigurations = (
				048ADA97248DBDFD00AB3BA5 /* Debug */,
				048ADA98248DBDFD00AB3BA5 /* Release */,
			);
			defaultConfigurationIsVisible = 0;
			defaultConfigurationName = Release;
		};
		048ADA99248DBDFD00AB3BA5 /* Build configuration list for PBXNativeTarget "iOS_Classwork_Extra" */ = {
			isa = XCConfigurationList;
			buildConfigurations = (
				048ADA9A248DBDFD00AB3BA5 /* Debug */,
				048ADA9B248DBDFD00AB3BA5 /* Release */,
			);
			defaultConfigurationIsVisible = 0;
			defaultConfigurationName = Release;
		};
/* End XCConfigurationList section */
	};
	rootObject = 048ADA7D248DBDFB00AB3BA5 /* Project object */;
}
